github.com/BurntSushi/toml v0.4.1 h1:GaI7EiDXDRfa8VshkTj7Fym7ha+y8/XxIgD2okUIjLw=
github.com/BurntSushi/toml v0.4.1/go.mod h1:CxXYINrC8qIiEnFrOxCa7Jy5BFHlXnUU2pbicEuybxQ=
github.com/gobwas/glob v0.2.3 h1:A4xDbljILXROh+kObIiy5kIaPYD8e96x1tgBhUI5J+Y=
github.com/gobwas/glob v0.2.3/go.mod h1:d3Ez4x06l9bZtSvzIay5+Yzi0fmZzPgnTbPcKjJAkT8=
github.com/qua3k/gomatrix v0.0.0-20211229031615-aae85fb06c7a h1:vA12SyW8qlsllComYhb66OVUn5dHj2MPKhAiscIadXQ=
github.com/qua3k/gomatrix v0.0.0-20211229031615-aae85fb06c7a/go.mod h1:npNoi4T7UFcOgSrjhmB3mwRTmrPNos/9y8EAWu3QNfY=
github.com/qua3k/gomatrix v0.0.0-20211230001421-6aee4cc9221e h1:aQA7cpyZUaBasNkj7hj1OkcghsF5xoSDOHv8K4kEuFk=
github.com/qua3k/gomatrix v0.0.0-20211230001421-6aee4cc9221e/go.mod h1:npNoi4T7UFcOgSrjhmB3mwRTmrPNos/9y8EAWu3QNfY=
github.com/qua3k/gomatrix v0.0.0-20211230002051-4aa21226adce h1:wWdU4h8mMmMoNU+9hBDwcChGM9nxvYb2aPeMQtCtElk=
github.com/qua3k/gomatrix v0.0.0-20211230002051-4aa21226adce/go.mod h1:npNoi4T7UFcOgSrjhmB3mwRTmrPNos/9y8EAWu3QNfY=
github.com/qua3k/gomatrix v0.0.0-20211230002555-a3c6fdd288e4 h1:qCQLfHtJXonPx0LIiBoTOC8wVkFjvwu+eX7lYKauwCQ=
github.com/qua3k/gomatrix v0.0.0-20211230002555-a3c6fdd288e4/go.mod h1:npNoi4T7UFcOgSrjhmB3mwRTmrPNos/9y8EAWu3QNfY=
github.com/qua3k/gomatrix v0.0.0-20211230002857-a76cf284c3ff h1:VXNvkBcf2Oe/PRZCagcHr1k6RX5amQZCzW7y5/cz9qs=
github.com/qua3k/gomatrix v0.0.0-20211230002857-a76cf284c3ff/go.mod h1:npNoi4T7UFcOgSrjhmB3mwRTmrPNos/9y8EAWu3QNfY=
